
Microsoft Visual Studio Solution File, Format Version 12.00
# Visual Studio 2013
VisualStudioVersion = 12.0.21005.1
MinimumVisualStudioVersion = 10.0.40219.1
Project("{FAE04EC0-301F-11D3-BF4B-00C04F79EFBC}") = "Induviduele opdracht MyCom", "induviduele opdracht MyCom\Induviduele opdracht MyCom.csproj", "{11AEF06B-1291-4778-9377-3C5D960A1D17}"
EndProject
Project("{FAE04EC0-301F-11D3-BF4B-00C04F79EFBC}") = "Induviduele opdracht MyCom.Tests", "induviduele opdracht MyCom.Tests\Induviduele opdracht MyCom.Tests.csproj", "{99D56232-ACFE-48B2-B588-928BF2A1E250}"
EndProject
Global
	GlobalSection(SolutionConfigurationPlatforms) = preSolution
		Debug|Any CPU = Debug|Any CPU
		Debug|x86 = Debug|x86
		Release|Any CPU = Release|Any CPU
		Release|x86 = Release|x86
	EndGlobalSection
	GlobalSection(ProjectConfigurationPlatforms) = postSolution
		{11AEF06B-1291-4778-9377-3C5D960A1D17}.Debug|Any CPU.ActiveCfg = Debug|Any CPU
		{11AEF06B-1291-4778-9377-3C5D960A1D17}.Debug|Any CPU.Build.0 = Debug|Any CPU
		{11AEF06B-1291-4778-9377-3C5D960A1D17}.Debug|x86.ActiveCfg = Debug|x86
		{11AEF06B-1291-4778-9377-3C5D960A1D17}.Debug|x86.Build.0 = Debug|x86
		{11AEF06B-1291-4778-9377-3C5D960A1D17}.Release|Any CPU.ActiveCfg = Release|Any CPU
		{11AEF06B-1291-4778-9377-3C5D960A1D17}.Release|Any CPU.Build.0 = Release|Any CPU
		{11AEF06B-1291-4778-9377-3C5D960A1D17}.Release|x86.ActiveCfg = Release|x86
		{11AEF06B-1291-4778-9377-3C5D960A1D17}.Release|x86.Build.0 = Release|x86
		{99D56232-ACFE-48B2-B588-928BF2A1E250}.Debug|Any CPU.ActiveCfg = Debug|Any CPU
		{99D56232-ACFE-48B2-B588-928BF2A1E250}.Debug|Any CPU.Build.0 = Debug|Any CPU
		{99D56232-ACFE-48B2-B588-928BF2A1E250}.Debug|x86.ActiveCfg = Debug|x86
		{99D56232-ACFE-48B2-B588-928BF2A1E250}.Release|Any CPU.ActiveCfg = Release|Any CPU
		{99D56232-ACFE-48B2-B588-928BF2A1E250}.Release|Any CPU.Build.0 = Release|Any CPU
		{99D56232-ACFE-48B2-B588-928BF2A1E250}.Release|x86.ActiveCfg = Release|x86
		{99D56232-ACFE-48B2-B588-928BF2A1E250}.Release|x86.Build.0 = Release|x86
	EndGlobalSection
	GlobalSection(SolutionProperties) = preSolution
		HideSolutionNode = FALSE
	EndGlobalSection
EndGlobal
